
Microsoft Visual Studio Solution File, Format Version 12.00
# Visual Studio Version 17
VisualStudioVersion = 17.13.35818.85 d17.13
MinimumVisualStudioVersion = 10.0.40219.1
Project("{FAE04EC0-301F-11D3-BF4B-00C04F79EFBC}") = "WebApplication1", "WebApplication1\WebApplication1.csproj", "{ED9228CC-E350-4FBB-B4BE-05016E36EA5B}"
EndProject
Global
	GlobalSection(SolutionConfigurationPlatforms) = preSolution
		Debug|Any CPU = Debug|Any CPU
		Release|Any CPU = Release|Any CPU
	EndGlobalSection
	GlobalSection(ProjectConfigurationPlatforms) = postSolution
		{ED9228CC-E350-4FBB-B4BE-05016E36EA5B}.Debug|Any CPU.ActiveCfg = Debug|Any CPU
		{ED9228CC-E350-4FBB-B4BE-05016E36EA5B}.Debug|Any CPU.Build.0 = Debug|Any CPU
		{ED9228CC-E350-4FBB-B4BE-05016E36EA5B}.Release|Any CPU.ActiveCfg = Release|Any CPU
		{ED9228CC-E350-4FBB-B4BE-05016E36EA5B}.Release|Any CPU.Build.0 = Release|Any CPU
	EndGlobalSection
	GlobalSection(SolutionProperties) = preSolution
		HideSolutionNode = FALSE
	EndGlobalSection
	GlobalSection(ExtensibilityGlobals) = postSolution
		SolutionGuid = {3A0724F5-72B0-408D-BB04-4699AC978217}
	EndGlobalSection
EndGlobal
